# THIS IS AN AUTOGENERATED FILE. DO NOT EDIT THIS FILE DIRECTLY.
# yarn lockfile v1


"@ckb-lumos/base@^0.19.0-alpha.0", "@ckb-lumos/base@^0.19.0-alpha.1":
  version "0.19.0-alpha.1"
  resolved "https://registry.npmjs.org/@ckb-lumos/base/-/base-0.19.0-alpha.1.tgz#fa2922d5bd56c31213ba06834fcee8c8fb7ddbf9"
  integrity sha512-coG7xM2TtpxJM1zLK0XFby5/o5EfbcAHiv45L82v4tsLDbuz6LQuVeG5oaRmWwgQwan/6y3hkzX48DFrE0vqkA==
  dependencies:
    "@ckb-lumos/bi" "^0.19.0-alpha.1"
    "@ckb-lumos/codec" "^0.19.0-alpha.1"
    "@ckb-lumos/toolkit" "^0.19.0-alpha.1"
    "@types/lodash.isequal" "^4.5.5"
    blake2b "^2.1.3"
    js-xxhash "^1.0.4"
    lodash.isequal "^4.5.0"

"@ckb-lumos/bi@^0.19.0-alpha.0", "@ckb-lumos/bi@^0.19.0-alpha.1":
  version "0.19.0-alpha.1"
  resolved "https://registry.npmjs.org/@ckb-lumos/bi/-/bi-0.19.0-alpha.1.tgz#989ac339da43fd2f25d61ebc1f6f6287dd20f7ff"
  integrity sha512-dJRtgjUFzdxQlcsS+5/sSRbwRVVcHqcSVBnkyfHVDPUgE6D6DvVgrHtI+Z2Luzdc8/LsziRIpVbnd4eOq11XaA==
  dependencies:
    jsbi "^4.1.0"

"@ckb-lumos/ckb-indexer@^0.19.0-alpha.0":
  version "0.19.0-alpha.1"
  resolved "https://registry.npmjs.org/@ckb-lumos/ckb-indexer/-/ckb-indexer-0.19.0-alpha.1.tgz#ede3c35d199d231e18b719425b60bf600d754ee3"
  integrity sha512-m0Xb6QVu6nB1NTlPozdmec59h+TR+vYXAVBXuVUpcOCH1KZyQQF4/oGWfHk2zR694+63Ft38Y0l+fsRy8GPCJw==
  dependencies:
    "@ckb-lumos/base" "^0.19.0-alpha.1"
    "@ckb-lumos/bi" "^0.19.0-alpha.1"
    "@ckb-lumos/rpc" "^0.19.0-alpha.1"
    "@ckb-lumos/toolkit" "^0.19.0-alpha.1"
    cross-fetch "^3.1.5"
    events "^3.3.0"

"@ckb-lumos/codec@^0.19.0-alpha.1":
  version "0.19.0-alpha.1"
  resolved "https://registry.npmjs.org/@ckb-lumos/codec/-/codec-0.19.0-alpha.1.tgz#64ad2068b4eb80d337ffe8207d8086f7cdee6def"
  integrity sha512-21Iw7pZU8PSH2rbJULI9VK6hQ8fKkypjNxWxhtWDIC/qeToOHvsaT9cdavuXvioUxNFU4r0+v9cto1kyG9fc6A==
  dependencies:
    "@ckb-lumos/bi" "^0.19.0-alpha.1"

"@ckb-lumos/common-scripts@^0.19.0-alpha.0":
  version "0.19.0-alpha.1"
  resolved "https://registry.npmjs.org/@ckb-lumos/common-scripts/-/common-scripts-0.19.0-alpha.1.tgz#741198bd0e7057131e1c0972cef7f35fb5e4d0a0"
  integrity sha512-lmUznignKrCzSkB+ihw6gu6BUQ1INjr3lP+8LVOAKdiqEkmhvSEcETeZjHba5zLlrW1X/W4FBnEeOfqHZmPHDw==
  dependencies:
    "@ckb-lumos/base" "^0.19.0-alpha.1"
    "@ckb-lumos/bi" "^0.19.0-alpha.1"
    "@ckb-lumos/codec" "^0.19.0-alpha.1"
    "@ckb-lumos/config-manager" "^0.19.0-alpha.1"
    "@ckb-lumos/helpers" "^0.19.0-alpha.1"
    "@ckb-lumos/rpc" "^0.19.0-alpha.1"
    "@ckb-lumos/toolkit" "^0.19.0-alpha.1"
    immutable "^4.0.0-rc.12"

"@ckb-lumos/config-manager@^0.19.0-alpha.0", "@ckb-lumos/config-manager@^0.19.0-alpha.1":
  version "0.19.0-alpha.1"
  resolved "https://registry.npmjs.org/@ckb-lumos/config-manager/-/config-manager-0.19.0-alpha.1.tgz#fe979ebd22a68f3b6ba8f3564d91a7c838e54661"
  integrity sha512-lILsPnsSQpYKXTfXgu8QHZ54aM6TmuleF5PW3qTiXWK+0rhL47puX4JoRX0zVnz+FE9Xd485GudMlnOJE18XqA==
  dependencies:
    "@ckb-lumos/base" "^0.19.0-alpha.1"
    "@ckb-lumos/bi" "^0.19.0-alpha.1"
    "@ckb-lumos/codec" "^0.19.0-alpha.1"
    "@types/deep-freeze-strict" "^1.1.0"
    deep-freeze-strict "^1.1.1"

"@ckb-lumos/hd@^0.19.0-alpha.0":
  version "0.19.0-alpha.1"
  resolved "https://registry.npmjs.org/@ckb-lumos/hd/-/hd-0.19.0-alpha.1.tgz#df05b8bf4fad79cf772049ad7c7e6db54e782da5"
  integrity sha512-y+BAr7car4GJ1WH7X1CmsIiq1O8BRsvwJrAY7O6olqA88jvJGNf59oCIpwv4TtNYCFG7sjounbOqeONGqNXRiQ==
  dependencies:
    "@ckb-lumos/base" "^0.19.0-alpha.1"
    "@ckb-lumos/bi" "^0.19.0-alpha.1"
    bn.js "^5.1.3"
    elliptic "^6.5.4"
    sha3 "^2.1.3"
    uuid "^8.3.0"

"@ckb-lumos/helpers@^0.19.0-alpha.0", "@ckb-lumos/helpers@^0.19.0-alpha.1":
  version "0.19.0-alpha.1"
  resolved "https://registry.npmjs.org/@ckb-lumos/helpers/-/helpers-0.19.0-alpha.1.tgz#30f82b976f962d06ff4dc1cec9e7d0590cac2fd0"
  integrity sha512-h73PO1s48p6i2B3SyzD83bQmxLdQVDyadSTS4CqUwtF0NF4JMCVYxauAuIdXxDrmTVbPIU3TAnICGzzyKzrsVQ==
  dependencies:
    "@ckb-lumos/base" "^0.19.0-alpha.1"
    "@ckb-lumos/bi" "^0.19.0-alpha.1"
    "@ckb-lumos/config-manager" "^0.19.0-alpha.1"
    "@ckb-lumos/toolkit" "^0.19.0-alpha.1"
    bech32 "^2.0.0"
    immutable "^4.0.0-rc.12"

"@ckb-lumos/lumos@0.19.0-alpha.0":
  version "0.19.0-alpha.0"
  resolved "https://registry.npmjs.org/@ckb-lumos/lumos/-/lumos-0.19.0-alpha.0.tgz#f1af6f39b2eee35d630408e1e34668cd4a23345a"
  integrity sha512-HgglPMGhG5UNz3PN2cskriLrnERlQvXTaAtWsv/tjeIHbhMpeEio3Ts8rmqoLWdAjj4mwudmVXWXcVH+eQxexw==
  dependencies:
    "@ckb-lumos/base" "^0.19.0-alpha.0"
    "@ckb-lumos/bi" "^0.19.0-alpha.0"
    "@ckb-lumos/ckb-indexer" "^0.19.0-alpha.0"
    "@ckb-lumos/common-scripts" "^0.19.0-alpha.0"
    "@ckb-lumos/config-manager" "^0.19.0-alpha.0"
    "@ckb-lumos/hd" "^0.19.0-alpha.0"
    "@ckb-lumos/helpers" "^0.19.0-alpha.0"
    "@ckb-lumos/rpc" "^0.19.0-alpha.0"
    "@ckb-lumos/toolkit" "^0.19.0-alpha.0"

"@ckb-lumos/rpc@^0.19.0-alpha.0", "@ckb-lumos/rpc@^0.19.0-alpha.1":
  version "0.19.0-alpha.1"
  resolved "https://registry.npmjs.org/@ckb-lumos/rpc/-/rpc-0.19.0-alpha.1.tgz#4c812f07e88a4c2c5dbb8847fa69fb20813fbbeb"
  integrity sha512-Xbhy1uIlLrUkBEKGCP+uK2ciqJUutnHcMUQ+pD5S1EtYcFoyfKTVmb4SJDdeiTVwzqYEIAKeNyHQh62+sDtZBw==
  dependencies:
    "@ckb-lumos/base" "^0.19.0-alpha.1"
    "@ckb-lumos/bi" "^0.19.0-alpha.1"
    axios "0.21.4"
    tslib "2.3.1"

"@ckb-lumos/toolkit@^0.19.0-alpha.0", "@ckb-lumos/toolkit@^0.19.0-alpha.1":
  version "0.19.0-alpha.1"
  resolved "https://registry.npmjs.org/@ckb-lumos/toolkit/-/toolkit-0.19.0-alpha.1.tgz#d6d92806537958d07135b285a1cffb2922947e5b"
  integrity sha512-/W9ciQjUHynmZ6PJBzRploFUd8/wSfZse991D1ooyJWw+DXMOuUUCSAg290En1u2wuqXAwqNT9HAv5SuUe1KqQ==

"@types/deep-freeze-strict@^1.1.0":
  version "1.1.0"
  resolved "https://registry.npmjs.org/@types/deep-freeze-strict/-/deep-freeze-strict-1.1.0.tgz#447a6a2576191344aa42310131dd3df5c41492c4"
  integrity sha512-fILflsS66kGQ4iIBzYoxuQCWK1wQdy/ooguTofUk0KSxA+G5ZzH8WdU8mf6IU+5cMBW+j9u+eh+7kv63R3O9Tw==

"@types/lodash.isequal@^4.5.5":
  version "4.5.6"
  resolved "https://registry.npmjs.org/@types/lodash.isequal/-/lodash.isequal-4.5.6.tgz#ff42a1b8e20caa59a97e446a77dc57db923bc02b"
  integrity sha512-Ww4UGSe3DmtvLLJm2F16hDwEQSv7U0Rr8SujLUA2wHI2D2dm8kPu6Et+/y303LfjTIwSBKXB/YTUcAKpem/XEg==
  dependencies:
    "@types/lodash" "*"

"@types/lodash@*":
  version "4.14.183"
  resolved "https://registry.npmjs.org/@types/lodash/-/lodash-4.14.183.tgz#1173e843e858cff5b997c234df2789a4a54c2374"
  integrity sha512-UXavyuxzXKMqJPEpFPri6Ku5F9af6ZJXUneHhvQJxavrEjuHkFp2YnDWHcxJiG7hk8ZkWqjcyNeW1s/smZv5cw==

axios@0.21.4:
  version "0.21.4"
  resolved "https://registry.npmjs.org/axios/-/axios-0.21.4.tgz#c67b90dc0568e5c1cf2b0b858c43ba28e2eda575"
  integrity sha512-ut5vewkiu8jjGBdqpM44XxjuCjq9LAKeHVmoVfHVzy8eHgxxq8SbAVQNovDA8mVi05kP0Ea/n/UzcSHcTJQfNg==
  dependencies:
    follow-redirects "^1.14.0"

b4a@^1.0.1:
  version "1.6.0"
  resolved "https://registry.npmjs.org/b4a/-/b4a-1.6.0.tgz#5430a9cac1af388910dd1a1c1aa9d3a0a796ed68"
  integrity sha512-fsTxXxj1081Yq5MOQ06gZ5+e2QcSyP2U6NofdOWyq+lrNI4IjkZ+fLVmoQ6uUCiNg1NWePMMVq93vOTdbJmErw==

base64-js@^1.3.1:
  version "1.5.1"
  resolved "https://registry.npmjs.org/base64-js/-/base64-js-1.5.1.tgz#1b1b440160a5bf7ad40b650f095963481903930a"
  integrity sha512-AKpaYlHn8t4SVbOHCy+b5+KKgvR4vrsD8vbvrbiQJps7fKDTkjkDry6ji0rUJjC0kzbNePLwzxq8iypo41qeWA==

bech32@^2.0.0:
  version "2.0.0"
  resolved "https://registry.npmjs.org/bech32/-/bech32-2.0.0.tgz#078d3686535075c8c79709f054b1b226a133b355"
  integrity sha512-LcknSilhIGatDAsY1ak2I8VtGaHNhgMSYVxFrGLXv+xLHytaKZKcaUJJUE7qmBr7h33o5YQwP55pMI0xmkpJwg==

blake2b-wasm@^2.4.0:
  version "2.4.0"
  resolved "https://registry.npmjs.org/blake2b-wasm/-/blake2b-wasm-2.4.0.tgz#9115649111edbbd87eb24ce7c04b427e4e2be5be"
  integrity sha512-S1kwmW2ZhZFFFOghcx73+ZajEfKBqhP82JMssxtLVMxlaPea1p9uoLiUZ5WYyHn0KddwbLc+0vh4wR0KBNoT5w==
  dependencies:
    b4a "^1.0.1"
    nanoassert "^2.0.0"

blake2b@^2.1.3:
  version "2.1.4"
  resolved "https://registry.npmjs.org/blake2b/-/blake2b-2.1.4.tgz#817d278526ddb4cd673bfb1af16d1ad61e393ba3"
  integrity sha512-AyBuuJNI64gIvwx13qiICz6H6hpmjvYS5DGkG6jbXMOT8Z3WUJ3V1X0FlhIoT1b/5JtHE3ki+xjtMvu1nn+t9A==
  dependencies:
    blake2b-wasm "^2.4.0"
    nanoassert "^2.0.0"

bn.js@^4.11.9:
  version "4.12.0"
  resolved "https://registry.npmjs.org/bn.js/-/bn.js-4.12.0.tgz#775b3f278efbb9718eec7361f483fb36fbbfea88"
  integrity sha512-c98Bf3tPniI+scsdk237ku1Dc3ujXQTSgyiPUDEOe7tRkhrqridvh8klBv0HCEso1OLOYcHuCv/cS6DNxKH+ZA==

bn.js@^5.1.3:
  version "5.2.1"
  resolved "https://registry.npmjs.org/bn.js/-/bn.js-5.2.1.tgz#0bc527a6a0d18d0aa8d5b0538ce4a77dccfa7b70"
  integrity sha512-eXRvHzWyYPBuB4NBy0cmYQjGitUrtqwbvlzP3G6VFnNRbsZQIxQ10PbKKHt8gZ/HW/D/747aDl+QkDqg3KQLMQ==

brorand@^1.1.0:
  version "1.1.0"
  resolved "https://registry.npmjs.org/brorand/-/brorand-1.1.0.tgz#12c25efe40a45e3c323eb8675a0a0ce57b22371f"
  integrity sha512-cKV8tMCEpQs4hK/ik71d6LrPOnpkpGBR0wzxqr68g2m/LB2GxVYQroAjMJZRVM1Y4BCjCKc3vAamxSzOY2RP+w==

buffer@6.0.3:
  version "6.0.3"
  resolved "https://registry.npmjs.org/buffer/-/buffer-6.0.3.tgz#2ace578459cc8fbe2a70aaa8f52ee63b6a74c6c6"
  integrity sha512-FTiCpNxtwiZZHEZbcbTIcZjERVICn9yq/pDFkTl95/AxzD1naBctN7YO68riM/gLSDY7sdrMby8hofADYuuqOA==
  dependencies:
    base64-js "^1.3.1"
    ieee754 "^1.2.1"

cross-fetch@^3.1.5:
  version "3.1.5"
  resolved "https://registry.npmjs.org/cross-fetch/-/cross-fetch-3.1.5.tgz#e1389f44d9e7ba767907f7af8454787952ab534f"
  integrity sha512-lvb1SBsI0Z7GDwmuid+mU3kWVBwTVUbe7S0H52yaaAdQOXq2YktTCZdlAcNKFzE6QtRz0snpw9bNiPeOIkkQvw==
  dependencies:
    node-fetch "2.6.7"

deep-freeze-strict@^1.1.1:
  version "1.1.1"
  resolved "https://registry.npmjs.org/deep-freeze-strict/-/deep-freeze-strict-1.1.1.tgz#77d0583ca24a69be4bbd9ac2fae415d55523e5b0"
  integrity sha512-QemROZMM2IvhAcCFvahdX2Vbm4S/txeq5rFYU9fh4mQP79WTMW5c/HkQ2ICl1zuzcDZdPZ6zarDxQeQMsVYoNA==

elliptic@^6.5.4:
  version "6.5.4"
  resolved "https://registry.npmjs.org/elliptic/-/elliptic-6.5.4.tgz#da37cebd31e79a1367e941b592ed1fbebd58abbb"
  integrity sha512-iLhC6ULemrljPZb+QutR5TQGB+pdW6KGD5RSegS+8sorOZT+rdQFbsQFJgvN3eRqNALqJer4oQ16YvJHlU8hzQ==
  dependencies:
    bn.js "^4.11.9"
    brorand "^1.1.0"
    hash.js "^1.0.0"
    hmac-drbg "^1.0.1"
    inherits "^2.0.4"
    minimalistic-assert "^1.0.1"
    minimalistic-crypto-utils "^1.0.1"

events@^3.3.0:
  version "3.3.0"
  resolved "https://registry.npmjs.org/events/-/events-3.3.0.tgz#31a95ad0a924e2d2c419a813aeb2c4e878ea7400"
  integrity sha512-mQw+2fkQbALzQ7V0MY0IqdnXNOeTtP4r0lN9z7AAawCXgqea7bDii20AYrIBrFd/Hx0M2Ocz6S111CaFkUcb0Q==

follow-redirects@^1.14.0:
  version "1.15.1"
  resolved "https://registry.npmjs.org/follow-redirects/-/follow-redirects-1.15.1.tgz#0ca6a452306c9b276e4d3127483e29575e207ad5"
  integrity sha512-yLAMQs+k0b2m7cVxpS1VKJVvoz7SS9Td1zss3XRwXj+ZDH00RJgnuLx7E44wx02kQLrdM3aOOy+FpzS7+8OizA==

hash.js@^1.0.0, hash.js@^1.0.3:
  version "1.1.7"
  resolved "https://registry.npmjs.org/hash.js/-/hash.js-1.1.7.tgz#0babca538e8d4ee4a0f8988d68866537a003cf42"
  integrity sha512-taOaskGt4z4SOANNseOviYDvjEJinIkRgmp7LbKP2YTTmVxWBl87s/uzK9r+44BclBSp2X7K1hqeNfz9JbBeXA==
  dependencies:
    inherits "^2.0.3"
    minimalistic-assert "^1.0.1"

hmac-drbg@^1.0.1:
  version "1.0.1"
  resolved "https://registry.npmjs.org/hmac-drbg/-/hmac-drbg-1.0.1.tgz#d2745701025a6c775a6c545793ed502fc0c649a1"
  integrity sha512-Tti3gMqLdZfhOQY1Mzf/AanLiqh1WTiJgEj26ZuYQ9fbkLomzGchCws4FyrSd4VkpBfiNhaE1On+lOz894jvXg==
  dependencies:
    hash.js "^1.0.3"
    minimalistic-assert "^1.0.0"
    minimalistic-crypto-utils "^1.0.1"

ieee754@^1.2.1:
  version "1.2.1"
  resolved "https://registry.npmjs.org/ieee754/-/ieee754-1.2.1.tgz#8eb7a10a63fff25d15a57b001586d177d1b0d352"
  integrity sha512-dcyqhDvX1C46lXZcVqCpK+FtMRQVdIMN6/Df5js2zouUsqG7I6sFxitIC+7KYK29KdXOLHdu9zL4sFnoVQnqaA==

immutable@^4.0.0-rc.12:
  version "4.1.0"
  resolved "https://registry.npmjs.org/immutable/-/immutable-4.1.0.tgz#f795787f0db780183307b9eb2091fcac1f6fafef"
  integrity sha512-oNkuqVTA8jqG1Q6c+UglTOD1xhC1BtjKI7XkCXRkZHrN5m18/XsnUp8Q89GkQO/z+0WjonSvl0FLhDYftp46nQ==

inherits@^2.0.3, inherits@^2.0.4:
  version "2.0.4"
  resolved "https://registry.npmjs.org/inherits/-/inherits-2.0.4.tgz#0fa2c64f932917c3433a0ded55363aae37416b7c"
  integrity sha512-k/vGaX4/Yla3WzyMCvTQOXYeIHvqOKtnqBduzTHpzpQZzAskKMhZ2K+EnBiSM9zGSoIFeMpXKxa4dYeZIQqewQ==

js-xxhash@^1.0.4:
  version "1.0.4"
  resolved "https://registry.npmjs.org/js-xxhash/-/js-xxhash-1.0.4.tgz#ce465d8a5c038167a07aa35a855c0bd792fe8e06"
  integrity sha512-S/6Oo7ruxx5k8m4qlMnbpwQdJjRsvvfcIhIk1dA9c5y5GNhYHKYKu9krEK3QgBax6CxJuf4gRL2opgLkdzWIKg==

jsbi@^4.1.0:
  version "4.3.0"
  resolved "https://registry.npmjs.org/jsbi/-/jsbi-4.3.0.tgz#b54ee074fb6fcbc00619559305c8f7e912b04741"
  integrity sha512-SnZNcinB4RIcnEyZqFPdGPVgrg2AcnykiBy0sHVJQKHYeaLUvi3Exj+iaPpLnFVkDPZIV4U0yvgC9/R4uEAZ9g==

lodash.isequal@^4.5.0:
  version "4.5.0"
  resolved "https://registry.npmjs.org/lodash.isequal/-/lodash.isequal-4.5.0.tgz#415c4478f2bcc30120c22ce10ed3226f7d3e18e0"
  integrity sha512-pDo3lu8Jhfjqls6GkMgpahsF9kCyayhgykjyLMNFTKWrpVdAQtYyB4muAMWozBB4ig/dtWAmsMxLEI8wuz+DYQ==

minimalistic-assert@^1.0.0, minimalistic-assert@^1.0.1:
  version "1.0.1"
  resolved "https://registry.npmjs.org/minimalistic-assert/-/minimalistic-assert-1.0.1.tgz#2e194de044626d4a10e7f7fbc00ce73e83e4d5c7"
  integrity sha512-UtJcAD4yEaGtjPezWuO9wC4nwUnVH/8/Im3yEHQP4b67cXlD/Qr9hdITCU1xDbSEXg2XKNaP8jsReV7vQd00/A==

minimalistic-crypto-utils@^1.0.1:
  version "1.0.1"
  resolved "https://registry.npmjs.org/minimalistic-crypto-utils/-/minimalistic-crypto-utils-1.0.1.tgz#f6c00c1c0b082246e5c4d99dfb8c7c083b2b582a"
  integrity sha512-JIYlbt6g8i5jKfJ3xz7rF0LXmv2TkDxBLUkiBeZ7bAx4GnnNMr8xFpGnOxn6GhTEHx3SjRrZEoU+j04prX1ktg==

nanoassert@^2.0.0:
  version "2.0.0"
  resolved "https://registry.npmjs.org/nanoassert/-/nanoassert-2.0.0.tgz#a05f86de6c7a51618038a620f88878ed1e490c09"
  integrity sha512-7vO7n28+aYO4J+8w96AzhmU8G+Y/xpPDJz/se19ICsqj/momRbb9mh9ZUtkoJ5X3nTnPdhEJyc0qnM6yAsHBaA==

node-fetch@2.6.7:
  version "2.6.7"
  resolved "https://registry.npmjs.org/node-fetch/-/node-fetch-2.6.7.tgz#24de9fba827e3b4ae44dc8b20256a379160052ad"
  integrity sha512-ZjMPFEfVx5j+y2yF35Kzx5sF7kDzxuDj6ziH4FFbOp87zKDZNx8yExJIb05OGF4Nlt9IHFIMBkRl41VdvcNdbQ==
  dependencies:
    whatwg-url "^5.0.0"

sha3@^2.1.3:
  version "2.1.4"
  resolved "https://registry.npmjs.org/sha3/-/sha3-2.1.4.tgz#000fac0fe7c2feac1f48a25e7a31b52a6492cc8f"
  integrity sha512-S8cNxbyb0UGUM2VhRD4Poe5N58gJnJsLJ5vC7FYWGUmGhcsj4++WaIOBFVDxlG0W3To6xBuiRh+i0Qp2oNCOtg==
  dependencies:
    buffer "6.0.3"

tr46@~0.0.3:
  version "0.0.3"
  resolved "https://registry.npmjs.org/tr46/-/tr46-0.0.3.tgz#8184fd347dac9cdc185992f3a6622e14b9d9ab6a"
  integrity sha512-N3WMsuqV66lT30CrXNbEjx4GEwlow3v6rr4mCcv6prnfwhS01rkgyFdjPNBYd9br7LpXV1+Emh01fHnq2Gdgrw==

tslib@2.3.1:
  version "2.3.1"
  resolved "https://registry.npmjs.org/tslib/-/tslib-2.3.1.tgz#e8a335add5ceae51aa261d32a490158ef042ef01"
  integrity sha512-77EbyPPpMz+FRFRuAFlWMtmgUWGe9UOG2Z25NqCwiIjRhOf5iKGuzSe5P2w1laq+FkRy4p+PCuVkJSGkzTEKVw==

uuid@^8.3.0:
  version "8.3.2"
  resolved "https://registry.npmjs.org/uuid/-/uuid-8.3.2.tgz#80d5b5ced271bb9af6c445f21a1a04c606cefbe2"
  integrity sha512-+NYs2QeMWy+GWFOEm9xnn6HCDp0l7QBD7ml8zLUmJ+93Q5NF0NocErnwkTkXVFNiX3/fpC6afS8Dhb/gz7R7eg==

webidl-conversions@^3.0.0:
  version "3.0.1"
  resolved "https://registry.npmjs.org/webidl-conversions/-/webidl-conversions-3.0.1.tgz#24534275e2a7bc6be7bc86611cc16ae0a5654871"
  integrity sha512-2JAn3z8AR6rjK8Sm8orRC0h/bcl/DqL7tRPdGZ4I1CjdF+EaMLmYxBHyXuKL849eucPFhvBoxMsflfOb8kxaeQ==

whatwg-url@^5.0.0:
  version "5.0.0"
  resolved "https://registry.npmjs.org/whatwg-url/-/whatwg-url-5.0.0.tgz#966454e8765462e37644d3626f6742ce8b70965d"
  integrity sha512-saE57nupxk6v3HY35+jzBwYa0rKSy0XR8JSxZPwgLr7ys0IBzhGviA1/TUGJLmSVqs8pb9AnvICXEuOHLprYTw==
  dependencies:
    tr46 "~0.0.3"
    webidl-conversions "^3.0.0"
